
Microsoft Visual Studio Solution File, Format Version 12.00
# Visual Studio Version 16
VisualStudioVersion = 16.0.28803.352
MinimumVisualStudioVersion = 10.0.40219.1
Project("{8BC9CEB8-8B4A-11D0-8D11-00A0C91BC942}") = "Template", "Template\Template.vcxproj", "{AADFF659-3737-48AB-9818-7EBC6C355DA0}"
EndProject
Project("{2150E333-8FDC-42A3-9474-1A3956D46DE8}") = "Assignments", "Assignments", "{3DE9DE1D-AE7A-4DC0-97EB-D4883FD6F147}"
EndProject
Project("{2150E333-8FDC-42A3-9474-1A3956D46DE8}") = "Classwork", "Classwork", "{C2008697-F343-45E2-9D10-892BF0DE52CC}"
EndProject
Project("{2150E333-8FDC-42A3-9474-1A3956D46DE8}") = "Algorithms", "Algorithms", "{BBD2D848-FB1E-4F00-9782-83D68A38BD37}"
EndProject
Project("{2150E333-8FDC-42A3-9474-1A3956D46DE8}") = "Quiz", "Quiz", "{907531FB-23AE-48ED-BC10-50D3BDFE5C1C}"
EndProject
Project("{8BC9CEB8-8B4A-11D0-8D11-00A0C91BC942}") = "AddNumbers", "Grade 9\Algorithms\AddNumbers\AddNumbers.vcxproj", "{C427D92D-D31E-4700-8D43-B8EB9F8B0784}"
EndProject
Project("{8BC9CEB8-8B4A-11D0-8D11-00A0C91BC942}") = "Binary_to_Decimal", "Grade 9\Algorithms\Binary_to_Decimal\Binary_to_Decimal.vcxproj", "{FBA03962-1B7E-4F77-8947-2CA08F171B83}"
EndProject
Project("{8BC9CEB8-8B4A-11D0-8D11-00A0C91BC942}") = "Fib_Recursion", "Grade 9\Algorithms\Fib_Recursion\Fib_Recursion.vcxproj", "{40B007FE-5CEC-4234-91F2-0FC5138E2505}"
EndProject
Project("{8BC9CEB8-8B4A-11D0-8D11-00A0C91BC942}") = "Is_Number_Prime", "Grade 9\Algorithms\Is_Number_Prime\Is_Number_Prime.vcxproj", "{1ACEBBAE-D953-4001-85CA-877329A593CA}"
EndProject
Project("{8BC9CEB8-8B4A-11D0-8D11-00A0C91BC942}") = "Prime_Factorization", "Grade 9\Algorithms\Prime_Factorization\Prime_Factorization.vcxproj", "{D6AD0258-FF6F-409C-9397-C1CEACB76E67}"
EndProject
Project("{8BC9CEB8-8B4A-11D0-8D11-00A0C91BC942}") = "Reimann_Sum", "Grade 9\Algorithms\Reimann_Sum\Reimann_Sum.vcxproj", "{0AC073BC-AC5A-448A-B146-31234782A5A5}"
EndProject
Project("{8BC9CEB8-8B4A-11D0-8D11-00A0C91BC942}") = "Assignment - Black_Jack Game", "Grade 9\Assignments\Assignment - Black_Jack Game\Assignment - Black_Jack Game.vcxproj", "{F61D5FEA-859C-4CDA-B69F-729B7417B3ED}"
EndProject
Project("{8BC9CEB8-8B4A-11D0-8D11-00A0C91BC942}") = "Assignment - Craps Game", "Grade 9\Assignments\Assignment - Craps Game\Assignment - Craps Game.vcxproj", "{3334EC72-FEEF-4377-A23C-9C25358BEEC7}"
EndProject
Project("{8BC9CEB8-8B4A-11D0-8D11-00A0C91BC942}") = "Assignment - Hi_Low Game", "Grade 9\Assignments\Assignment - Hi_Low Game\Assignment - Hi_Low Game.vcxproj", "{44B58F2B-7EC5-45D9-8252-F9852A382A1F}"
EndProject
Project("{8BC9CEB8-8B4A-11D0-8D11-00A0C91BC942}") = "Assignment - Sudoku", "Grade 9\Assignments\Assignment - Sudoku\Assignment - Sudoku.vcxproj", "{0478B5ED-8DF1-4AAC-813A-7D77478E88C3}"
EndProject
Project("{8BC9CEB8-8B4A-11D0-8D11-00A0C91BC942}") = "Assignment - Piano", "Grade 9\Assignments\Assignment - Piano\Assignment - Piano.vcxproj", "{A420E010-DFC7-4E8E-A5F6-9BC241D1D14A}"
EndProject
Project("{8BC9CEB8-8B4A-11D0-8D11-00A0C91BC942}") = "Assignment - Tic_Tac_Toe", "Grade 9\Assignments\Assignment - Tic_Tac_Toe\Assignment - Tic_Tac_Toe.vcxproj", "{1670B8DA-7F84-473E-805F-F6AEF9861ECD}"
EndProject
Project("{8BC9CEB8-8B4A-11D0-8D11-00A0C91BC942}") = "Calculator", "Grade 9\Classwork\Calculator\Calculator.vcxproj", "{3E0E51B1-790A-42A8-9F17-E814EEB31E84}"
EndProject
Project("{8BC9CEB8-8B4A-11D0-8D11-00A0C91BC942}") = "Demonstration", "Grade 9\Classwork\Demonstration\Demonstration.vcxproj", "{1DFF5971-9954-4045-AFB4-08E409D64A3E}"
EndProject
Project("{8BC9CEB8-8B4A-11D0-8D11-00A0C91BC942}") = "Test_New_Stuff", "Grade 9\Classwork\Test_New_Stuff\Test_New_Stuff.vcxproj", "{45E49389-27EE-47C1-A8B9-E972CB3C1DC1}"
EndProject
Project("{8BC9CEB8-8B4A-11D0-8D11-00A0C91BC942}") = "Average", "Grade 9\Quiz\Average\Average.vcxproj", "{DFE57EEB-35A4-4657-BD8B-B39E47E99FBD}"
EndProject
Project("{8BC9CEB8-8B4A-11D0-8D11-00A0C91BC942}") = "LargeSmall", "Grade 9\Quiz\LargeSmall\LargeSmall.vcxproj", "{DCAB7C0E-B1A9-4764-A319-44F693FDB4A2}"
EndProject
Project("{8BC9CEB8-8B4A-11D0-8D11-00A0C91BC942}") = "OddEven", "Grade 9\Quiz\OddEven\OddEven.vcxproj", "{6240BF83-45B6-4C66-954F-822F0628B304}"
EndProject
Project("{2150E333-8FDC-42A3-9474-1A3956D46DE8}") = "Root", "Root", "{5A82ABF7-31D5-46DC-8A96-F87F8C379F06}"
EndProject
Project("{8BC9CEB8-8B4A-11D0-8D11-00A0C91BC942}") = "Calender", "Grade 9\Quiz\Calender\Calender.vcxproj", "{967CEB49-7157-4354-8BC6-ADC109366F80}"
EndProject
Project("{8BC9CEB8-8B4A-11D0-8D11-00A0C91BC942}") = "Sizeof", "Grade 9\Algorithms\Sizeof\Sizeof.vcxproj", "{C9CBD4E7-FB0D-4622-8E3A-500E2E10AF6D}"
EndProject
Project("{8BC9CEB8-8B4A-11D0-8D11-00A0C91BC942}") = "Iomanip", "Grade 9\Classwork\Iomanip\Project1.vcxproj", "{C91B78EE-2B0C-4472-93F2-A9FD28AC1E08}"
EndProject
Project("{2150E333-8FDC-42A3-9474-1A3956D46DE8}") = "Homework", "Homework", "{91383DAA-E2A7-47F2-95DC-33BCFB2694B4}"
EndProject
Project("{8BC9CEB8-8B4A-11D0-8D11-00A0C91BC942}") = "Calculator", "Grade 9\Homework\Calculator\Calculator.vcxproj", "{41D996CB-399F-47BD-A9C7-61CB117FCE10}"
EndProject
Project("{8BC9CEB8-8B4A-11D0-8D11-00A0C91BC942}") = "Quick_Maths", "Grade 9\Homework\Quick_Maths\Quick_Maths.vcxproj", "{627BE515-E2A7-4169-A06E-C543490D92D2}"
EndProject
Project("{8BC9CEB8-8B4A-11D0-8D11-00A0C91BC942}") = "Annoying_Beeping", "Grade 9\Classwork\Annoying_Beeping\Annoying_Beeping.vcxproj", "{072E643F-B36B-4824-897D-4DA92D64A7C6}"
EndProject
Project("{8BC9CEB8-8B4A-11D0-8D11-00A0C91BC942}") = "Dice_Simulation", "Grade 9\Homework\Dice_Simulation\Dice_Simulation.vcxproj", "{D241885F-C395-4D02-8FDA-178EFF9C70CE}"
EndProject
Project("{8BC9CEB8-8B4A-11D0-8D11-00A0C91BC942}") = "Class_Timer", "Grade 9\Classwork\Class_Timer\timeleftuntilendofclass.vcxproj", "{E7C7DD5D-C8D1-48C8-AA15-46039936A5D1}"
EndProject
Project("{8BC9CEB8-8B4A-11D0-8D11-00A0C91BC942}") = "Assignment - Synthesizer", "Grade 9\Assignments\Assignment - Synthesizer\Assignment - Synthesizer.vcxproj", "{EA202365-95CE-40C8-9E94-17B639257914}"
EndProject
Project("{8BC9CEB8-8B4A-11D0-8D11-00A0C91BC942}") = "Assignment - Police_Siren", "Grade 9\Assignments\Assignment - Police_Siren\Assignment - Police_Siren.vcxproj", "{014CDD49-272A-42C7-AED4-5559A4B3806D}"
EndProject
Project("{8BC9CEB8-8B4A-11D0-8D11-00A0C91BC942}") = "Code_Runtime", "Code_Runtime\Code_Runtime.vcxproj", "{E80D740B-0CC8-4A5B-94EA-8D23D7564E02}"
EndProject
Project("{2150E333-8FDC-42A3-9474-1A3956D46DE8}") = "Projects", "Projects", "{A01712BC-8FC3-47E5-AD35-609EEADE54D1}"
EndProject
Project("{8BC9CEB8-8B4A-11D0-8D11-00A0C91BC942}") = "Project - Address Book", "Grade 9\Projects\Project - Address Book\Project - Address Book.vcxproj", "{9EB6999F-6566-47A0-B725-9B1EC5A88446}"
EndProject
Project("{8BC9CEB8-8B4A-11D0-8D11-00A0C91BC942}") = "PlayWork", "Grade 9\Classwork\PlayWork\PlayWork.vcxproj", "{080A7E49-DA5D-4581-B4D0-DF9D5BF8488C}"
EndProject
Project("{8BC9CEB8-8B4A-11D0-8D11-00A0C91BC942}") = "Prime", "Grade 9\Quiz\Prime\Prime.vcxproj", "{A1D20706-ED4D-4640-94B8-6A1AC40BDA41}"
EndProject
Project("{8BC9CEB8-8B4A-11D0-8D11-00A0C91BC942}") = "Factor", "Grade 9\Quiz\Factor\Factor.vcxproj", "{93B7CB27-C5F7-49B3-A088-54EC446901D9}"
EndProject
Project("{8BC9CEB8-8B4A-11D0-8D11-00A0C91BC942}") = "Grades", "Grade 9\Homework\Grades\Grades.vcxproj", "{7FC14302-FF64-49F2-8E19-87E3AE461722}"
EndProject
Project("{8BC9CEB8-8B4A-11D0-8D11-00A0C91BC942}") = "Array_Input", "Grade 9\Classwork\Array_Input\Array_Input.vcxproj", "{754A2061-1814-4E32-A042-F6221C928E74}"
EndProject
Project("{8BC9CEB8-8B4A-11D0-8D11-00A0C91BC942}") = "Find_Character", "Grade 9\Classwork\Find_Character\Find_Character.vcxproj", "{E3E7B980-4316-4F9F-A478-204F5F9A7B1E}"
EndProject
Project("{8BC9CEB8-8B4A-11D0-8D11-00A0C91BC942}") = "Palindrome", "Grade 9\Homework\Palindrome\Palindrome.vcxproj", "{32F92F3F-197A-4321-921A-37FC4FA71117}"
EndProject
Global
	GlobalSection(SolutionConfigurationPlatforms) = preSolution
		Debug|x64 = Debug|x64
		Debug|x86 = Debug|x86
		Release|x64 = Release|x64
		Release|x86 = Release|x86
	EndGlobalSection
	GlobalSection(ProjectConfigurationPlatforms) = postSolution
		{AADFF659-3737-48AB-9818-7EBC6C355DA0}.Debug|x64.ActiveCfg = Debug|x64
		{AADFF659-3737-48AB-9818-7EBC6C355DA0}.Debug|x64.Build.0 = Debug|x64
		{AADFF659-3737-48AB-9818-7EBC6C355DA0}.Debug|x86.ActiveCfg = Debug|Win32
		{AADFF659-3737-48AB-9818-7EBC6C355DA0}.Debug|x86.Build.0 = Debug|Win32
		{AADFF659-3737-48AB-9818-7EBC6C355DA0}.Release|x64.ActiveCfg = Release|x64
		{AADFF659-3737-48AB-9818-7EBC6C355DA0}.Release|x64.Build.0 = Release|x64
		{AADFF659-3737-48AB-9818-7EBC6C355DA0}.Release|x86.ActiveCfg = Release|Win32
		{AADFF659-3737-48AB-9818-7EBC6C355DA0}.Release|x86.Build.0 = Release|Win32
		{C427D92D-D31E-4700-8D43-B8EB9F8B0784}.Debug|x64.ActiveCfg = Debug|x64
		{C427D92D-D31E-4700-8D43-B8EB9F8B0784}.Debug|x64.Build.0 = Debug|x64
		{C427D92D-D31E-4700-8D43-B8EB9F8B0784}.Debug|x86.ActiveCfg = Debug|Win32
		{C427D92D-D31E-4700-8D43-B8EB9F8B0784}.Debug|x86.Build.0 = Debug|Win32
		{C427D92D-D31E-4700-8D43-B8EB9F8B0784}.Release|x64.ActiveCfg = Release|x64
		{C427D92D-D31E-4700-8D43-B8EB9F8B0784}.Release|x64.Build.0 = Release|x64
		{C427D92D-D31E-4700-8D43-B8EB9F8B0784}.Release|x86.ActiveCfg = Release|Win32
		{C427D92D-D31E-4700-8D43-B8EB9F8B0784}.Release|x86.Build.0 = Release|Win32
		{FBA03962-1B7E-4F77-8947-2CA08F171B83}.Debug|x64.ActiveCfg = Debug|x64
		{FBA03962-1B7E-4F77-8947-2CA08F171B83}.Debug|x64.Build.0 = Debug|x64
		{FBA03962-1B7E-4F77-8947-2CA08F171B83}.Debug|x86.ActiveCfg = Debug|Win32
		{FBA03962-1B7E-4F77-8947-2CA08F171B83}.Debug|x86.Build.0 = Debug|Win32
		{FBA03962-1B7E-4F77-8947-2CA08F171B83}.Release|x64.ActiveCfg = Release|x64
		{FBA03962-1B7E-4F77-8947-2CA08F171B83}.Release|x64.Build.0 = Release|x64
		{FBA03962-1B7E-4F77-8947-2CA08F171B83}.Release|x86.ActiveCfg = Release|Win32
		{FBA03962-1B7E-4F77-8947-2CA08F171B83}.Release|x86.Build.0 = Release|Win32
		{40B007FE-5CEC-4234-91F2-0FC5138E2505}.Debug|x64.ActiveCfg = Debug|x64
		{40B007FE-5CEC-4234-91F2-0FC5138E2505}.Debug|x64.Build.0 = Debug|x64
		{40B007FE-5CEC-4234-91F2-0FC5138E2505}.Debug|x86.ActiveCfg = Debug|Win32
		{40B007FE-5CEC-4234-91F2-0FC5138E2505}.Debug|x86.Build.0 = Debug|Win32
		{40B007FE-5CEC-4234-91F2-0FC5138E2505}.Release|x64.ActiveCfg = Release|x64
		{40B007FE-5CEC-4234-91F2-0FC5138E2505}.Release|x64.Build.0 = Release|x64
		{40B007FE-5CEC-4234-91F2-0FC5138E2505}.Release|x86.ActiveCfg = Release|Win32
		{40B007FE-5CEC-4234-91F2-0FC5138E2505}.Release|x86.Build.0 = Release|Win32
		{1ACEBBAE-D953-4001-85CA-877329A593CA}.Debug|x64.ActiveCfg = Debug|x64
		{1ACEBBAE-D953-4001-85CA-877329A593CA}.Debug|x64.Build.0 = Debug|x64
		{1ACEBBAE-D953-4001-85CA-877329A593CA}.Debug|x86.ActiveCfg = Debug|Win32
		{1ACEBBAE-D953-4001-85CA-877329A593CA}.Debug|x86.Build.0 = Debug|Win32
		{1ACEBBAE-D953-4001-85CA-877329A593CA}.Release|x64.ActiveCfg = Release|x64
		{1ACEBBAE-D953-4001-85CA-877329A593CA}.Release|x64.Build.0 = Release|x64
		{1ACEBBAE-D953-4001-85CA-877329A593CA}.Release|x86.ActiveCfg = Release|Win32
		{1ACEBBAE-D953-4001-85CA-877329A593CA}.Release|x86.Build.0 = Release|Win32
		{D6AD0258-FF6F-409C-9397-C1CEACB76E67}.Debug|x64.ActiveCfg = Debug|x64
		{D6AD0258-FF6F-409C-9397-C1CEACB76E67}.Debug|x64.Build.0 = Debug|x64
		{D6AD0258-FF6F-409C-9397-C1CEACB76E67}.Debug|x86.ActiveCfg = Debug|Win32
		{D6AD0258-FF6F-409C-9397-C1CEACB76E67}.Debug|x86.Build.0 = Debug|Win32
		{D6AD0258-FF6F-409C-9397-C1CEACB76E67}.Release|x64.ActiveCfg = Release|x64
		{D6AD0258-FF6F-409C-9397-C1CEACB76E67}.Release|x64.Build.0 = Release|x64
		{D6AD0258-FF6F-409C-9397-C1CEACB76E67}.Release|x86.ActiveCfg = Release|Win32
		{D6AD0258-FF6F-409C-9397-C1CEACB76E67}.Release|x86.Build.0 = Release|Win32
		{0AC073BC-AC5A-448A-B146-31234782A5A5}.Debug|x64.ActiveCfg = Debug|x64
		{0AC073BC-AC5A-448A-B146-31234782A5A5}.Debug|x64.Build.0 = Debug|x64
		{0AC073BC-AC5A-448A-B146-31234782A5A5}.Debug|x86.ActiveCfg = Debug|Win32
		{0AC073BC-AC5A-448A-B146-31234782A5A5}.Debug|x86.Build.0 = Debug|Win32
		{0AC073BC-AC5A-448A-B146-31234782A5A5}.Release|x64.ActiveCfg = Release|x64
		{0AC073BC-AC5A-448A-B146-31234782A5A5}.Release|x64.Build.0 = Release|x64
		{0AC073BC-AC5A-448A-B146-31234782A5A5}.Release|x86.ActiveCfg = Release|Win32
		{0AC073BC-AC5A-448A-B146-31234782A5A5}.Release|x86.Build.0 = Release|Win32
		{F61D5FEA-859C-4CDA-B69F-729B7417B3ED}.Debug|x64.ActiveCfg = Debug|x64
		{F61D5FEA-859C-4CDA-B69F-729B7417B3ED}.Debug|x64.Build.0 = Debug|x64
		{F61D5FEA-859C-4CDA-B69F-729B7417B3ED}.Debug|x86.ActiveCfg = Debug|Win32
		{F61D5FEA-859C-4CDA-B69F-729B7417B3ED}.Debug|x86.Build.0 = Debug|Win32
		{F61D5FEA-859C-4CDA-B69F-729B7417B3ED}.Release|x64.ActiveCfg = Release|x64
		{F61D5FEA-859C-4CDA-B69F-729B7417B3ED}.Release|x64.Build.0 = Release|x64
		{F61D5FEA-859C-4CDA-B69F-729B7417B3ED}.Release|x86.ActiveCfg = Release|Win32
		{F61D5FEA-859C-4CDA-B69F-729B7417B3ED}.Release|x86.Build.0 = Release|Win32
		{3334EC72-FEEF-4377-A23C-9C25358BEEC7}.Debug|x64.ActiveCfg = Debug|x64
		{3334EC72-FEEF-4377-A23C-9C25358BEEC7}.Debug|x64.Build.0 = Debug|x64
		{3334EC72-FEEF-4377-A23C-9C25358BEEC7}.Debug|x86.ActiveCfg = Debug|Win32
		{3334EC72-FEEF-4377-A23C-9C25358BEEC7}.Debug|x86.Build.0 = Debug|Win32
		{3334EC72-FEEF-4377-A23C-9C25358BEEC7}.Release|x64.ActiveCfg = Release|x64
		{3334EC72-FEEF-4377-A23C-9C25358BEEC7}.Release|x64.Build.0 = Release|x64
		{3334EC72-FEEF-4377-A23C-9C25358BEEC7}.Release|x86.ActiveCfg = Release|Win32
		{3334EC72-FEEF-4377-A23C-9C25358BEEC7}.Release|x86.Build.0 = Release|Win32
		{44B58F2B-7EC5-45D9-8252-F9852A382A1F}.Debug|x64.ActiveCfg = Debug|x64
		{44B58F2B-7EC5-45D9-8252-F9852A382A1F}.Debug|x64.Build.0 = Debug|x64
		{44B58F2B-7EC5-45D9-8252-F9852A382A1F}.Debug|x86.ActiveCfg = Debug|Win32
		{44B58F2B-7EC5-45D9-8252-F9852A382A1F}.Debug|x86.Build.0 = Debug|Win32
		{44B58F2B-7EC5-45D9-8252-F9852A382A1F}.Release|x64.ActiveCfg = Release|x64
		{44B58F2B-7EC5-45D9-8252-F9852A382A1F}.Release|x64.Build.0 = Release|x64
		{44B58F2B-7EC5-45D9-8252-F9852A382A1F}.Release|x86.ActiveCfg = Release|Win32
		{44B58F2B-7EC5-45D9-8252-F9852A382A1F}.Release|x86.Build.0 = Release|Win32
		{0478B5ED-8DF1-4AAC-813A-7D77478E88C3}.Debug|x64.ActiveCfg = Debug|x64
		{0478B5ED-8DF1-4AAC-813A-7D77478E88C3}.Debug|x64.Build.0 = Debug|x64
		{0478B5ED-8DF1-4AAC-813A-7D77478E88C3}.Debug|x86.ActiveCfg = Debug|Win32
		{0478B5ED-8DF1-4AAC-813A-7D77478E88C3}.Debug|x86.Build.0 = Debug|Win32
		{0478B5ED-8DF1-4AAC-813A-7D77478E88C3}.Release|x64.ActiveCfg = Release|x64
		{0478B5ED-8DF1-4AAC-813A-7D77478E88C3}.Release|x64.Build.0 = Release|x64
		{0478B5ED-8DF1-4AAC-813A-7D77478E88C3}.Release|x86.ActiveCfg = Release|Win32
		{0478B5ED-8DF1-4AAC-813A-7D77478E88C3}.Release|x86.Build.0 = Release|Win32
		{A420E010-DFC7-4E8E-A5F6-9BC241D1D14A}.Debug|x64.ActiveCfg = Debug|x64
		{A420E010-DFC7-4E8E-A5F6-9BC241D1D14A}.Debug|x64.Build.0 = Debug|x64
		{A420E010-DFC7-4E8E-A5F6-9BC241D1D14A}.Debug|x86.ActiveCfg = Debug|Win32
		{A420E010-DFC7-4E8E-A5F6-9BC241D1D14A}.Debug|x86.Build.0 = Debug|Win32
		{A420E010-DFC7-4E8E-A5F6-9BC241D1D14A}.Release|x64.ActiveCfg = Release|x64
		{A420E010-DFC7-4E8E-A5F6-9BC241D1D14A}.Release|x64.Build.0 = Release|x64
		{A420E010-DFC7-4E8E-A5F6-9BC241D1D14A}.Release|x86.ActiveCfg = Release|Win32
		{A420E010-DFC7-4E8E-A5F6-9BC241D1D14A}.Release|x86.Build.0 = Release|Win32
		{1670B8DA-7F84-473E-805F-F6AEF9861ECD}.Debug|x64.ActiveCfg = Debug|x64
		{1670B8DA-7F84-473E-805F-F6AEF9861ECD}.Debug|x64.Build.0 = Debug|x64
		{1670B8DA-7F84-473E-805F-F6AEF9861ECD}.Debug|x86.ActiveCfg = Debug|Win32
		{1670B8DA-7F84-473E-805F-F6AEF9861ECD}.Debug|x86.Build.0 = Debug|Win32
		{1670B8DA-7F84-473E-805F-F6AEF9861ECD}.Release|x64.ActiveCfg = Release|x64
		{1670B8DA-7F84-473E-805F-F6AEF9861ECD}.Release|x64.Build.0 = Release|x64
		{1670B8DA-7F84-473E-805F-F6AEF9861ECD}.Release|x86.ActiveCfg = Release|Win32
		{1670B8DA-7F84-473E-805F-F6AEF9861ECD}.Release|x86.Build.0 = Release|Win32
		{3E0E51B1-790A-42A8-9F17-E814EEB31E84}.Debug|x64.ActiveCfg = Debug|x64
		{3E0E51B1-790A-42A8-9F17-E814EEB31E84}.Debug|x64.Build.0 = Debug|x64
		{3E0E51B1-790A-42A8-9F17-E814EEB31E84}.Debug|x86.ActiveCfg = Debug|Win32
		{3E0E51B1-790A-42A8-9F17-E814EEB31E84}.Debug|x86.Build.0 = Debug|Win32
		{3E0E51B1-790A-42A8-9F17-E814EEB31E84}.Release|x64.ActiveCfg = Release|x64
		{3E0E51B1-790A-42A8-9F17-E814EEB31E84}.Release|x64.Build.0 = Release|x64
		{3E0E51B1-790A-42A8-9F17-E814EEB31E84}.Release|x86.ActiveCfg = Release|Win32
		{3E0E51B1-790A-42A8-9F17-E814EEB31E84}.Release|x86.Build.0 = Release|Win32
		{1DFF5971-9954-4045-AFB4-08E409D64A3E}.Debug|x64.ActiveCfg = Debug|x64
		{1DFF5971-9954-4045-AFB4-08E409D64A3E}.Debug|x64.Build.0 = Debug|x64
		{1DFF5971-9954-4045-AFB4-08E409D64A3E}.Debug|x86.ActiveCfg = Debug|Win32
		{1DFF5971-9954-4045-AFB4-08E409D64A3E}.Debug|x86.Build.0 = Debug|Win32
		{1DFF5971-9954-4045-AFB4-08E409D64A3E}.Release|x64.ActiveCfg = Release|x64
		{1DFF5971-9954-4045-AFB4-08E409D64A3E}.Release|x64.Build.0 = Release|x64
		{1DFF5971-9954-4045-AFB4-08E409D64A3E}.Release|x86.ActiveCfg = Release|Win32
		{1DFF5971-9954-4045-AFB4-08E409D64A3E}.Release|x86.Build.0 = Release|Win32
		{45E49389-27EE-47C1-A8B9-E972CB3C1DC1}.Debug|x64.ActiveCfg = Debug|x64
		{45E49389-27EE-47C1-A8B9-E972CB3C1DC1}.Debug|x64.Build.0 = Debug|x64
		{45E49389-27EE-47C1-A8B9-E972CB3C1DC1}.Debug|x86.ActiveCfg = Debug|Win32
		{45E49389-27EE-47C1-A8B9-E972CB3C1DC1}.Debug|x86.Build.0 = Debug|Win32
		{45E49389-27EE-47C1-A8B9-E972CB3C1DC1}.Release|x64.ActiveCfg = Release|x64
		{45E49389-27EE-47C1-A8B9-E972CB3C1DC1}.Release|x64.Build.0 = Release|x64
		{45E49389-27EE-47C1-A8B9-E972CB3C1DC1}.Release|x86.ActiveCfg = Release|Win32
		{45E49389-27EE-47C1-A8B9-E972CB3C1DC1}.Release|x86.Build.0 = Release|Win32
		{DFE57EEB-35A4-4657-BD8B-B39E47E99FBD}.Debug|x64.ActiveCfg = Debug|x64
		{DFE57EEB-35A4-4657-BD8B-B39E47E99FBD}.Debug|x64.Build.0 = Debug|x64
		{DFE57EEB-35A4-4657-BD8B-B39E47E99FBD}.Debug|x86.ActiveCfg = Debug|Win32
		{DFE57EEB-35A4-4657-BD8B-B39E47E99FBD}.Debug|x86.Build.0 = Debug|Win32
		{DFE57EEB-35A4-4657-BD8B-B39E47E99FBD}.Release|x64.ActiveCfg = Release|x64
		{DFE57EEB-35A4-4657-BD8B-B39E47E99FBD}.Release|x64.Build.0 = Release|x64
		{DFE57EEB-35A4-4657-BD8B-B39E47E99FBD}.Release|x86.ActiveCfg = Release|Win32
		{DFE57EEB-35A4-4657-BD8B-B39E47E99FBD}.Release|x86.Build.0 = Release|Win32
		{DCAB7C0E-B1A9-4764-A319-44F693FDB4A2}.Debug|x64.ActiveCfg = Debug|x64
		{DCAB7C0E-B1A9-4764-A319-44F693FDB4A2}.Debug|x64.Build.0 = Debug|x64
		{DCAB7C0E-B1A9-4764-A319-44F693FDB4A2}.Debug|x86.ActiveCfg = Debug|Win32
		{DCAB7C0E-B1A9-4764-A319-44F693FDB4A2}.Debug|x86.Build.0 = Debug|Win32
		{DCAB7C0E-B1A9-4764-A319-44F693FDB4A2}.Release|x64.ActiveCfg = Release|x64
		{DCAB7C0E-B1A9-4764-A319-44F693FDB4A2}.Release|x64.Build.0 = Release|x64
		{DCAB7C0E-B1A9-4764-A319-44F693FDB4A2}.Release|x86.ActiveCfg = Release|Win32
		{DCAB7C0E-B1A9-4764-A319-44F693FDB4A2}.Release|x86.Build.0 = Release|Win32
		{6240BF83-45B6-4C66-954F-822F0628B304}.Debug|x64.ActiveCfg = Debug|x64
		{6240BF83-45B6-4C66-954F-822F0628B304}.Debug|x64.Build.0 = Debug|x64
		{6240BF83-45B6-4C66-954F-822F0628B304}.Debug|x86.ActiveCfg = Debug|Win32
		{6240BF83-45B6-4C66-954F-822F0628B304}.Debug|x86.Build.0 = Debug|Win32
		{6240BF83-45B6-4C66-954F-822F0628B304}.Release|x64.ActiveCfg = Release|x64
		{6240BF83-45B6-4C66-954F-822F0628B304}.Release|x64.Build.0 = Release|x64
		{6240BF83-45B6-4C66-954F-822F0628B304}.Release|x86.ActiveCfg = Release|Win32
		{6240BF83-45B6-4C66-954F-822F0628B304}.Release|x86.Build.0 = Release|Win32
		{967CEB49-7157-4354-8BC6-ADC109366F80}.Debug|x64.ActiveCfg = Debug|x64
		{967CEB49-7157-4354-8BC6-ADC109366F80}.Debug|x64.Build.0 = Debug|x64
		{967CEB49-7157-4354-8BC6-ADC109366F80}.Debug|x86.ActiveCfg = Debug|Win32
		{967CEB49-7157-4354-8BC6-ADC109366F80}.Debug|x86.Build.0 = Debug|Win32
		{967CEB49-7157-4354-8BC6-ADC109366F80}.Release|x64.ActiveCfg = Release|x64
		{967CEB49-7157-4354-8BC6-ADC109366F80}.Release|x64.Build.0 = Release|x64
		{967CEB49-7157-4354-8BC6-ADC109366F80}.Release|x86.ActiveCfg = Release|Win32
		{967CEB49-7157-4354-8BC6-ADC109366F80}.Release|x86.Build.0 = Release|Win32
		{C9CBD4E7-FB0D-4622-8E3A-500E2E10AF6D}.Debug|x64.ActiveCfg = Debug|x64
		{C9CBD4E7-FB0D-4622-8E3A-500E2E10AF6D}.Debug|x64.Build.0 = Debug|x64
		{C9CBD4E7-FB0D-4622-8E3A-500E2E10AF6D}.Debug|x86.ActiveCfg = Debug|Win32
		{C9CBD4E7-FB0D-4622-8E3A-500E2E10AF6D}.Debug|x86.Build.0 = Debug|Win32
		{C9CBD4E7-FB0D-4622-8E3A-500E2E10AF6D}.Release|x64.ActiveCfg = Release|x64
		{C9CBD4E7-FB0D-4622-8E3A-500E2E10AF6D}.Release|x64.Build.0 = Release|x64
		{C9CBD4E7-FB0D-4622-8E3A-500E2E10AF6D}.Release|x86.ActiveCfg = Release|Win32
		{C9CBD4E7-FB0D-4622-8E3A-500E2E10AF6D}.Release|x86.Build.0 = Release|Win32
		{C91B78EE-2B0C-4472-93F2-A9FD28AC1E08}.Debug|x64.ActiveCfg = Debug|x64
		{C91B78EE-2B0C-4472-93F2-A9FD28AC1E08}.Debug|x64.Build.0 = Debug|x64
		{C91B78EE-2B0C-4472-93F2-A9FD28AC1E08}.Debug|x86.ActiveCfg = Debug|Win32
		{C91B78EE-2B0C-4472-93F2-A9FD28AC1E08}.Debug|x86.Build.0 = Debug|Win32
		{C91B78EE-2B0C-4472-93F2-A9FD28AC1E08}.Release|x64.ActiveCfg = Release|x64
		{C91B78EE-2B0C-4472-93F2-A9FD28AC1E08}.Release|x64.Build.0 = Release|x64
		{C91B78EE-2B0C-4472-93F2-A9FD28AC1E08}.Release|x86.ActiveCfg = Release|Win32
		{C91B78EE-2B0C-4472-93F2-A9FD28AC1E08}.Release|x86.Build.0 = Release|Win32
		{41D996CB-399F-47BD-A9C7-61CB117FCE10}.Debug|x64.ActiveCfg = Debug|x64
		{41D996CB-399F-47BD-A9C7-61CB117FCE10}.Debug|x64.Build.0 = Debug|x64
		{41D996CB-399F-47BD-A9C7-61CB117FCE10}.Debug|x86.ActiveCfg = Debug|Win32
		{41D996CB-399F-47BD-A9C7-61CB117FCE10}.Debug|x86.Build.0 = Debug|Win32
		{41D996CB-399F-47BD-A9C7-61CB117FCE10}.Release|x64.ActiveCfg = Release|x64
		{41D996CB-399F-47BD-A9C7-61CB117FCE10}.Release|x64.Build.0 = Release|x64
		{41D996CB-399F-47BD-A9C7-61CB117FCE10}.Release|x86.ActiveCfg = Release|Win32
		{41D996CB-399F-47BD-A9C7-61CB117FCE10}.Release|x86.Build.0 = Release|Win32
		{627BE515-E2A7-4169-A06E-C543490D92D2}.Debug|x64.ActiveCfg = Debug|x64
		{627BE515-E2A7-4169-A06E-C543490D92D2}.Debug|x64.Build.0 = Debug|x64
		{627BE515-E2A7-4169-A06E-C543490D92D2}.Debug|x86.ActiveCfg = Debug|Win32
		{627BE515-E2A7-4169-A06E-C543490D92D2}.Debug|x86.Build.0 = Debug|Win32
		{627BE515-E2A7-4169-A06E-C543490D92D2}.Release|x64.ActiveCfg = Release|x64
		{627BE515-E2A7-4169-A06E-C543490D92D2}.Release|x64.Build.0 = Release|x64
		{627BE515-E2A7-4169-A06E-C543490D92D2}.Release|x86.ActiveCfg = Release|Win32
		{627BE515-E2A7-4169-A06E-C543490D92D2}.Release|x86.Build.0 = Release|Win32
		{072E643F-B36B-4824-897D-4DA92D64A7C6}.Debug|x64.ActiveCfg = Debug|x64
		{072E643F-B36B-4824-897D-4DA92D64A7C6}.Debug|x64.Build.0 = Debug|x64
		{072E643F-B36B-4824-897D-4DA92D64A7C6}.Debug|x86.ActiveCfg = Debug|Win32
		{072E643F-B36B-4824-897D-4DA92D64A7C6}.Debug|x86.Build.0 = Debug|Win32
		{072E643F-B36B-4824-897D-4DA92D64A7C6}.Release|x64.ActiveCfg = Release|x64
		{072E643F-B36B-4824-897D-4DA92D64A7C6}.Release|x64.Build.0 = Release|x64
		{072E643F-B36B-4824-897D-4DA92D64A7C6}.Release|x86.ActiveCfg = Release|Win32
		{072E643F-B36B-4824-897D-4DA92D64A7C6}.Release|x86.Build.0 = Release|Win32
		{D241885F-C395-4D02-8FDA-178EFF9C70CE}.Debug|x64.ActiveCfg = Debug|x64
		{D241885F-C395-4D02-8FDA-178EFF9C70CE}.Debug|x64.Build.0 = Debug|x64
		{D241885F-C395-4D02-8FDA-178EFF9C70CE}.Debug|x86.ActiveCfg = Debug|Win32
		{D241885F-C395-4D02-8FDA-178EFF9C70CE}.Debug|x86.Build.0 = Debug|Win32
		{D241885F-C395-4D02-8FDA-178EFF9C70CE}.Release|x64.ActiveCfg = Release|x64
		{D241885F-C395-4D02-8FDA-178EFF9C70CE}.Release|x64.Build.0 = Release|x64
		{D241885F-C395-4D02-8FDA-178EFF9C70CE}.Release|x86.ActiveCfg = Release|Win32
		{D241885F-C395-4D02-8FDA-178EFF9C70CE}.Release|x86.Build.0 = Release|Win32
		{E7C7DD5D-C8D1-48C8-AA15-46039936A5D1}.Debug|x64.ActiveCfg = Debug|x64
		{E7C7DD5D-C8D1-48C8-AA15-46039936A5D1}.Debug|x64.Build.0 = Debug|x64
		{E7C7DD5D-C8D1-48C8-AA15-46039936A5D1}.Debug|x86.ActiveCfg = Debug|Win32
		{E7C7DD5D-C8D1-48C8-AA15-46039936A5D1}.Debug|x86.Build.0 = Debug|Win32
		{E7C7DD5D-C8D1-48C8-AA15-46039936A5D1}.Release|x64.ActiveCfg = Release|x64
		{E7C7DD5D-C8D1-48C8-AA15-46039936A5D1}.Release|x64.Build.0 = Release|x64
		{E7C7DD5D-C8D1-48C8-AA15-46039936A5D1}.Release|x86.ActiveCfg = Release|Win32
		{E7C7DD5D-C8D1-48C8-AA15-46039936A5D1}.Release|x86.Build.0 = Release|Win32
		{EA202365-95CE-40C8-9E94-17B639257914}.Debug|x64.ActiveCfg = Debug|x64
		{EA202365-95CE-40C8-9E94-17B639257914}.Debug|x64.Build.0 = Debug|x64
		{EA202365-95CE-40C8-9E94-17B639257914}.Debug|x86.ActiveCfg = Debug|Win32
		{EA202365-95CE-40C8-9E94-17B639257914}.Debug|x86.Build.0 = Debug|Win32
		{EA202365-95CE-40C8-9E94-17B639257914}.Release|x64.ActiveCfg = Release|x64
		{EA202365-95CE-40C8-9E94-17B639257914}.Release|x64.Build.0 = Release|x64
		{EA202365-95CE-40C8-9E94-17B639257914}.Release|x86.ActiveCfg = Release|Win32
		{EA202365-95CE-40C8-9E94-17B639257914}.Release|x86.Build.0 = Release|Win32
		{014CDD49-272A-42C7-AED4-5559A4B3806D}.Debug|x64.ActiveCfg = Debug|x64
		{014CDD49-272A-42C7-AED4-5559A4B3806D}.Debug|x64.Build.0 = Debug|x64
		{014CDD49-272A-42C7-AED4-5559A4B3806D}.Debug|x86.ActiveCfg = Debug|Win32
		{014CDD49-272A-42C7-AED4-5559A4B3806D}.Debug|x86.Build.0 = Debug|Win32
		{014CDD49-272A-42C7-AED4-5559A4B3806D}.Release|x64.ActiveCfg = Release|x64
		{014CDD49-272A-42C7-AED4-5559A4B3806D}.Release|x64.Build.0 = Release|x64
		{014CDD49-272A-42C7-AED4-5559A4B3806D}.Release|x86.ActiveCfg = Release|Win32
		{014CDD49-272A-42C7-AED4-5559A4B3806D}.Release|x86.Build.0 = Release|Win32
		{E80D740B-0CC8-4A5B-94EA-8D23D7564E02}.Debug|x64.ActiveCfg = Debug|x64
		{E80D740B-0CC8-4A5B-94EA-8D23D7564E02}.Debug|x64.Build.0 = Debug|x64
		{E80D740B-0CC8-4A5B-94EA-8D23D7564E02}.Debug|x86.ActiveCfg = Debug|Win32
		{E80D740B-0CC8-4A5B-94EA-8D23D7564E02}.Debug|x86.Build.0 = Debug|Win32
		{E80D740B-0CC8-4A5B-94EA-8D23D7564E02}.Release|x64.ActiveCfg = Release|x64
		{E80D740B-0CC8-4A5B-94EA-8D23D7564E02}.Release|x64.Build.0 = Release|x64
		{E80D740B-0CC8-4A5B-94EA-8D23D7564E02}.Release|x86.ActiveCfg = Release|Win32
		{E80D740B-0CC8-4A5B-94EA-8D23D7564E02}.Release|x86.Build.0 = Release|Win32
		{9EB6999F-6566-47A0-B725-9B1EC5A88446}.Debug|x64.ActiveCfg = Debug|x64
		{9EB6999F-6566-47A0-B725-9B1EC5A88446}.Debug|x64.Build.0 = Debug|x64
		{9EB6999F-6566-47A0-B725-9B1EC5A88446}.Debug|x86.ActiveCfg = Debug|Win32
		{9EB6999F-6566-47A0-B725-9B1EC5A88446}.Debug|x86.Build.0 = Debug|Win32
		{9EB6999F-6566-47A0-B725-9B1EC5A88446}.Release|x64.ActiveCfg = Release|x64
		{9EB6999F-6566-47A0-B725-9B1EC5A88446}.Release|x64.Build.0 = Release|x64
		{9EB6999F-6566-47A0-B725-9B1EC5A88446}.Release|x86.ActiveCfg = Release|Win32
		{9EB6999F-6566-47A0-B725-9B1EC5A88446}.Release|x86.Build.0 = Release|Win32
		{080A7E49-DA5D-4581-B4D0-DF9D5BF8488C}.Debug|x64.ActiveCfg = Debug|x64
		{080A7E49-DA5D-4581-B4D0-DF9D5BF8488C}.Debug|x64.Build.0 = Debug|x64
		{080A7E49-DA5D-4581-B4D0-DF9D5BF8488C}.Debug|x86.ActiveCfg = Debug|Win32
		{080A7E49-DA5D-4581-B4D0-DF9D5BF8488C}.Debug|x86.Build.0 = Debug|Win32
		{080A7E49-DA5D-4581-B4D0-DF9D5BF8488C}.Release|x64.ActiveCfg = Release|x64
		{080A7E49-DA5D-4581-B4D0-DF9D5BF8488C}.Release|x64.Build.0 = Release|x64
		{080A7E49-DA5D-4581-B4D0-DF9D5BF8488C}.Release|x86.ActiveCfg = Release|Win32
		{080A7E49-DA5D-4581-B4D0-DF9D5BF8488C}.Release|x86.Build.0 = Release|Win32
		{A1D20706-ED4D-4640-94B8-6A1AC40BDA41}.Debug|x64.ActiveCfg = Debug|x64
		{A1D20706-ED4D-4640-94B8-6A1AC40BDA41}.Debug|x64.Build.0 = Debug|x64
		{A1D20706-ED4D-4640-94B8-6A1AC40BDA41}.Debug|x86.ActiveCfg = Debug|Win32
		{A1D20706-ED4D-4640-94B8-6A1AC40BDA41}.Debug|x86.Build.0 = Debug|Win32
		{A1D20706-ED4D-4640-94B8-6A1AC40BDA41}.Release|x64.ActiveCfg = Release|x64
		{A1D20706-ED4D-4640-94B8-6A1AC40BDA41}.Release|x64.Build.0 = Release|x64
		{A1D20706-ED4D-4640-94B8-6A1AC40BDA41}.Release|x86.ActiveCfg = Release|Win32
		{A1D20706-ED4D-4640-94B8-6A1AC40BDA41}.Release|x86.Build.0 = Release|Win32
		{93B7CB27-C5F7-49B3-A088-54EC446901D9}.Debug|x64.ActiveCfg = Debug|x64
		{93B7CB27-C5F7-49B3-A088-54EC446901D9}.Debug|x64.Build.0 = Debug|x64
		{93B7CB27-C5F7-49B3-A088-54EC446901D9}.Debug|x86.ActiveCfg = Debug|Win32
		{93B7CB27-C5F7-49B3-A088-54EC446901D9}.Debug|x86.Build.0 = Debug|Win32
		{93B7CB27-C5F7-49B3-A088-54EC446901D9}.Release|x64.ActiveCfg = Release|x64
		{93B7CB27-C5F7-49B3-A088-54EC446901D9}.Release|x64.Build.0 = Release|x64
		{93B7CB27-C5F7-49B3-A088-54EC446901D9}.Release|x86.ActiveCfg = Release|Win32
		{93B7CB27-C5F7-49B3-A088-54EC446901D9}.Release|x86.Build.0 = Release|Win32
		{7FC14302-FF64-49F2-8E19-87E3AE461722}.Debug|x64.ActiveCfg = Debug|x64
		{7FC14302-FF64-49F2-8E19-87E3AE461722}.Debug|x64.Build.0 = Debug|x64
		{7FC14302-FF64-49F2-8E19-87E3AE461722}.Debug|x86.ActiveCfg = Debug|Win32
		{7FC14302-FF64-49F2-8E19-87E3AE461722}.Debug|x86.Build.0 = Debug|Win32
		{7FC14302-FF64-49F2-8E19-87E3AE461722}.Release|x64.ActiveCfg = Release|x64
		{7FC14302-FF64-49F2-8E19-87E3AE461722}.Release|x64.Build.0 = Release|x64
		{7FC14302-FF64-49F2-8E19-87E3AE461722}.Release|x86.ActiveCfg = Release|Win32
		{7FC14302-FF64-49F2-8E19-87E3AE461722}.Release|x86.Build.0 = Release|Win32
		{754A2061-1814-4E32-A042-F6221C928E74}.Debug|x64.ActiveCfg = Debug|x64
		{754A2061-1814-4E32-A042-F6221C928E74}.Debug|x64.Build.0 = Debug|x64
		{754A2061-1814-4E32-A042-F6221C928E74}.Debug|x86.ActiveCfg = Debug|Win32
		{754A2061-1814-4E32-A042-F6221C928E74}.Debug|x86.Build.0 = Debug|Win32
		{754A2061-1814-4E32-A042-F6221C928E74}.Release|x64.ActiveCfg = Release|x64
		{754A2061-1814-4E32-A042-F6221C928E74}.Release|x64.Build.0 = Release|x64
		{754A2061-1814-4E32-A042-F6221C928E74}.Release|x86.ActiveCfg = Release|Win32
		{754A2061-1814-4E32-A042-F6221C928E74}.Release|x86.Build.0 = Release|Win32
		{E3E7B980-4316-4F9F-A478-204F5F9A7B1E}.Debug|x64.ActiveCfg = Debug|x64
		{E3E7B980-4316-4F9F-A478-204F5F9A7B1E}.Debug|x64.Build.0 = Debug|x64
		{E3E7B980-4316-4F9F-A478-204F5F9A7B1E}.Debug|x86.ActiveCfg = Debug|Win32
		{E3E7B980-4316-4F9F-A478-204F5F9A7B1E}.Debug|x86.Build.0 = Debug|Win32
		{E3E7B980-4316-4F9F-A478-204F5F9A7B1E}.Release|x64.ActiveCfg = Release|x64
		{E3E7B980-4316-4F9F-A478-204F5F9A7B1E}.Release|x64.Build.0 = Release|x64
		{E3E7B980-4316-4F9F-A478-204F5F9A7B1E}.Release|x86.ActiveCfg = Release|Win32
		{E3E7B980-4316-4F9F-A478-204F5F9A7B1E}.Release|x86.Build.0 = Release|Win32
		{32F92F3F-197A-4321-921A-37FC4FA71117}.Debug|x64.ActiveCfg = Debug|x64
		{32F92F3F-197A-4321-921A-37FC4FA71117}.Debug|x64.Build.0 = Debug|x64
		{32F92F3F-197A-4321-921A-37FC4FA71117}.Debug|x86.ActiveCfg = Debug|Win32
		{32F92F3F-197A-4321-921A-37FC4FA71117}.Debug|x86.Build.0 = Debug|Win32
		{32F92F3F-197A-4321-921A-37FC4FA71117}.Release|x64.ActiveCfg = Release|x64
		{32F92F3F-197A-4321-921A-37FC4FA71117}.Release|x64.Build.0 = Release|x64
		{32F92F3F-197A-4321-921A-37FC4FA71117}.Release|x86.ActiveCfg = Release|Win32
		{32F92F3F-197A-4321-921A-37FC4FA71117}.Release|x86.Build.0 = Release|Win32
	EndGlobalSection
	GlobalSection(SolutionProperties) = preSolution
		HideSolutionNode = FALSE
	EndGlobalSection
	GlobalSection(NestedProjects) = preSolution
		{3DE9DE1D-AE7A-4DC0-97EB-D4883FD6F147} = {5A82ABF7-31D5-46DC-8A96-F87F8C379F06}
		{C2008697-F343-45E2-9D10-892BF0DE52CC} = {5A82ABF7-31D5-46DC-8A96-F87F8C379F06}
		{BBD2D848-FB1E-4F00-9782-83D68A38BD37} = {5A82ABF7-31D5-46DC-8A96-F87F8C379F06}
		{907531FB-23AE-48ED-BC10-50D3BDFE5C1C} = {5A82ABF7-31D5-46DC-8A96-F87F8C379F06}
		{C427D92D-D31E-4700-8D43-B8EB9F8B0784} = {BBD2D848-FB1E-4F00-9782-83D68A38BD37}
		{FBA03962-1B7E-4F77-8947-2CA08F171B83} = {BBD2D848-FB1E-4F00-9782-83D68A38BD37}
		{40B007FE-5CEC-4234-91F2-0FC5138E2505} = {BBD2D848-FB1E-4F00-9782-83D68A38BD37}
		{1ACEBBAE-D953-4001-85CA-877329A593CA} = {BBD2D848-FB1E-4F00-9782-83D68A38BD37}
		{D6AD0258-FF6F-409C-9397-C1CEACB76E67} = {BBD2D848-FB1E-4F00-9782-83D68A38BD37}
		{0AC073BC-AC5A-448A-B146-31234782A5A5} = {BBD2D848-FB1E-4F00-9782-83D68A38BD37}
		{F61D5FEA-859C-4CDA-B69F-729B7417B3ED} = {3DE9DE1D-AE7A-4DC0-97EB-D4883FD6F147}
		{3334EC72-FEEF-4377-A23C-9C25358BEEC7} = {3DE9DE1D-AE7A-4DC0-97EB-D4883FD6F147}
		{44B58F2B-7EC5-45D9-8252-F9852A382A1F} = {3DE9DE1D-AE7A-4DC0-97EB-D4883FD6F147}
		{0478B5ED-8DF1-4AAC-813A-7D77478E88C3} = {3DE9DE1D-AE7A-4DC0-97EB-D4883FD6F147}
		{A420E010-DFC7-4E8E-A5F6-9BC241D1D14A} = {3DE9DE1D-AE7A-4DC0-97EB-D4883FD6F147}
		{1670B8DA-7F84-473E-805F-F6AEF9861ECD} = {3DE9DE1D-AE7A-4DC0-97EB-D4883FD6F147}
		{3E0E51B1-790A-42A8-9F17-E814EEB31E84} = {C2008697-F343-45E2-9D10-892BF0DE52CC}
		{1DFF5971-9954-4045-AFB4-08E409D64A3E} = {C2008697-F343-45E2-9D10-892BF0DE52CC}
		{DFE57EEB-35A4-4657-BD8B-B39E47E99FBD} = {907531FB-23AE-48ED-BC10-50D3BDFE5C1C}
		{DCAB7C0E-B1A9-4764-A319-44F693FDB4A2} = {907531FB-23AE-48ED-BC10-50D3BDFE5C1C}
		{6240BF83-45B6-4C66-954F-822F0628B304} = {907531FB-23AE-48ED-BC10-50D3BDFE5C1C}
		{967CEB49-7157-4354-8BC6-ADC109366F80} = {907531FB-23AE-48ED-BC10-50D3BDFE5C1C}
		{C9CBD4E7-FB0D-4622-8E3A-500E2E10AF6D} = {BBD2D848-FB1E-4F00-9782-83D68A38BD37}
		{C91B78EE-2B0C-4472-93F2-A9FD28AC1E08} = {C2008697-F343-45E2-9D10-892BF0DE52CC}
		{91383DAA-E2A7-47F2-95DC-33BCFB2694B4} = {5A82ABF7-31D5-46DC-8A96-F87F8C379F06}
		{41D996CB-399F-47BD-A9C7-61CB117FCE10} = {91383DAA-E2A7-47F2-95DC-33BCFB2694B4}
		{627BE515-E2A7-4169-A06E-C543490D92D2} = {91383DAA-E2A7-47F2-95DC-33BCFB2694B4}
		{072E643F-B36B-4824-897D-4DA92D64A7C6} = {C2008697-F343-45E2-9D10-892BF0DE52CC}
		{D241885F-C395-4D02-8FDA-178EFF9C70CE} = {91383DAA-E2A7-47F2-95DC-33BCFB2694B4}
		{E7C7DD5D-C8D1-48C8-AA15-46039936A5D1} = {C2008697-F343-45E2-9D10-892BF0DE52CC}
		{EA202365-95CE-40C8-9E94-17B639257914} = {3DE9DE1D-AE7A-4DC0-97EB-D4883FD6F147}
		{014CDD49-272A-42C7-AED4-5559A4B3806D} = {3DE9DE1D-AE7A-4DC0-97EB-D4883FD6F147}
		{A01712BC-8FC3-47E5-AD35-609EEADE54D1} = {5A82ABF7-31D5-46DC-8A96-F87F8C379F06}
		{9EB6999F-6566-47A0-B725-9B1EC5A88446} = {A01712BC-8FC3-47E5-AD35-609EEADE54D1}
		{080A7E49-DA5D-4581-B4D0-DF9D5BF8488C} = {C2008697-F343-45E2-9D10-892BF0DE52CC}
		{A1D20706-ED4D-4640-94B8-6A1AC40BDA41} = {907531FB-23AE-48ED-BC10-50D3BDFE5C1C}
		{93B7CB27-C5F7-49B3-A088-54EC446901D9} = {907531FB-23AE-48ED-BC10-50D3BDFE5C1C}
		{7FC14302-FF64-49F2-8E19-87E3AE461722} = {91383DAA-E2A7-47F2-95DC-33BCFB2694B4}
		{754A2061-1814-4E32-A042-F6221C928E74} = {C2008697-F343-45E2-9D10-892BF0DE52CC}
		{E3E7B980-4316-4F9F-A478-204F5F9A7B1E} = {C2008697-F343-45E2-9D10-892BF0DE52CC}
		{32F92F3F-197A-4321-921A-37FC4FA71117} = {91383DAA-E2A7-47F2-95DC-33BCFB2694B4}
	EndGlobalSection
	GlobalSection(ExtensibilityGlobals) = postSolution
		SolutionGuid = {BE8A998B-3331-4902-95AE-8C3A5211A1F2}
	EndGlobalSection
EndGlobal
